
Microsoft Visual Studio Solution File, Format Version 12.00
# Visual Studio Version 16
VisualStudioVersion = 16.0.30611.23
MinimumVisualStudioVersion = 10.0.40219.1
Project("{FAE04EC0-301F-11D3-BF4B-00C04F79EFBC}") = "InaBeauty", "InaBeauty.csproj", "{1339DC37-B744-45EB-8FB1-B40A45549875}"
EndProject
Global
	GlobalSection(SolutionConfigurationPlatforms) = preSolution
		Debug|Any CPU = Debug|Any CPU
		Release|Any CPU = Release|Any CPU
	EndGlobalSection
	GlobalSection(ProjectConfigurationPlatforms) = postSolution
		{1339DC37-B744-45EB-8FB1-B40A45549875}.Debug|Any CPU.ActiveCfg = Debug|Any CPU
		{1339DC37-B744-45EB-8FB1-B40A45549875}.Debug|Any CPU.Build.0 = Debug|Any CPU
		{1339DC37-B744-45EB-8FB1-B40A45549875}.Release|Any CPU.ActiveCfg = Release|Any CPU
		{1339DC37-B744-45EB-8FB1-B40A45549875}.Release|Any CPU.Build.0 = Release|Any CPU
	EndGlobalSection
	GlobalSection(SolutionProperties) = preSolution
		HideSolutionNode = FALSE
	EndGlobalSection
	GlobalSection(ExtensibilityGlobals) = postSolution
		SolutionGuid = {A198D377-AB50-4C90-BBAC-B2108BB6D529}
	EndGlobalSection
EndGlobal
